github.com/LittleAksMax/amazon-ads-api-sdk-go v0.0.0-20260323145407-4850c7a26f27/go.mod h1:tqToglAGC5XzEK8/RC79e0VcBWW7sQveb6PSqKt2v4Q=
github.com/LittleAksMax/amazon-ads-api-sdk-go v1.0.0 h1:FpGQ+JmV72hvn4FuMDaLocd/PL3QnV15Nakripz20PA=
github.com/LittleAksMax/amazon-ads-api-sdk-go v1.0.0/go.mod h1:tqToglAGC5XzEK8/RC79e0VcBWW7sQveb6PSqKt2v4Q=
github.com/LittleAksMax/bids-util v0.0.0-20260330192020-7dea0e5bd110 h1:WIitO9X2wouEJWfkZQh1+zjHS5bD1ilffbFeHHRCz7k=
github.com/LittleAksMax/bids-util v0.0.0-20260330192020-7dea0e5bd110/go.mod h1:8Hup3ATpBOUX8de/nALAVS/DgovuZJfgbzFmR2Ic6YI=
github.com/LittleAksMax/bids-util v1.0.0 h1:pbvH8h3eYpee6fyPcP8puGFifza6XSkb7CWciab5whU=
github.com/LittleAksMax/bids-util v1.0.0/go.mod h1:8Hup3ATpBOUX8de/nALAVS/DgovuZJfgbzFmR2Ic6YI=
github.com/LittleAksMax/bidscript v0.0.0-20260329160519-59e27fdefbc9 h1:ibH//sjhbE7bdwwr44EgbmjQ7NmX/ZcD7XCgU1OHCds=
github.com/LittleAksMax/bidscript v0.0.0-20260329160519-59e27fdefbc9/go.mod h1:+30EBk3CWed5StQb8Z6vT+Z+v/GJLTjAVPpNLiJLCU8=
github.com/LittleAksMax/bidscript v1.0.0 h1:w547o8CZ1BrTIDJ5fvE8uuxXBXU8d0t6ryzGrAhgMP4=
github.com/LittleAksMax/bidscript v1.0.0/go.mod h1:+30EBk3CWed5StQb8Z6vT+Z+v/GJLTjAVPpNLiJLCU8=
github.com/allegro/bigcache/v3 v3.1.0 h1:H2Vp8VOvxcrB91o86fUSVJFqeuz8kpyyB02eH3bSzwk=
github.com/allegro/bigcache/v3 v3.1.0/go.mod h1:aPyh7jEvrog9zAwx5N7+JUQX5dZTSGpxF1LAR4dr35I=
github.com/google/uuid v1.6.0 h1:NIvaJDMOsjHA8n1jAhLSgzrAzy1Hgr+hNrb57e+94F0=
github.com/google/uuid v1.6.0/go.mod h1:TIyPZe4MgqvfeYDBFedMoGGpEw/LqOeaOT+nhxU+yHo=
github.com/joho/godotenv v1.5.1 h1:7eLL/+HRGLY0ldzfGMeQkb7vMd0as4CfYvUVzLqw0N0=
github.com/joho/godotenv v1.5.1/go.mod h1:f4LDr5Voq0i2e/R5DDNOoa2zzDfwtkZa6DnEwAbqwq4=
github.com/rabbitmq/amqp091-go v1.10.0 h1:STpn5XsHlHGcecLmMFCtg7mqq0RnD+zFr4uzukfVhBw=
github.com/rabbitmq/amqp091-go v1.10.0/go.mod h1:Hy4jKW5kQART1u+JkDTF9YYOQUHXqMuhrgxOEeS7G4o=
go.uber.org/goleak v1.3.0 h1:2K3zAYmnTNqV73imy9J1T3WC+gmCePx2hEGkimedGto=
go.uber.org/goleak v1.3.0/go.mod h1:CoHD4mav9JJNrW/WLlf7HGZPjdw8EucARQHekz1X6bE=
